// !$*UTF8*$!
{
	archiveVersion = 1;
	classes = {
	};
	objectVersion = 55;
	objects = {

/* Begin PBXBuildFile section */
		F287128F2832951100C0A083 /* AppDelegate.swift in Sources */ = {isa = PBXBuildFile; fileRef = F287128E2832951100C0A083 /* AppDelegate.swift */; };
		F28712912832951100C0A083 /* SceneDelegate.swift in Sources */ = {isa = PBXBuildFile; fileRef = F28712902832951100C0A083 /* SceneDelegate.swift */; };
		F28712932832951100C0A083 /* ViewController.swift in Sources */ = {isa = PBXBuildFile; fileRef = F28712922832951100C0A083 /* ViewController.swift */; };
		F28712962832951100C0A083 /* Main.storyboard in Resources */ = {isa = PBXBuildFile; fileRef = F28712942832951100C0A083 /* Main.storyboard */; };
		F28712982832951200C0A083 /* Assets.xcassets in Resources */ = {isa = PBXBuildFile; fileRef = F28712972832951200C0A083 /* Assets.xcassets */; };
		F287129B2832951200C0A083 /* LaunchScreen.storyboard in Resources */ = {isa = PBXBuildFile; fileRef = F28712992832951200C0A083 /* LaunchScreen.storyboard */; };
		F28712A3283295C100C0A083 /* README.md in Resources */ = {isa = PBXBuildFile; fileRef = F28712A2283295C100C0A083 /* README.md */; };
		F28712B2283298DB00C0A083 /* UserTests.swift in Sources */ = {isa = PBXBuildFile; fileRef = F28712B1283298DB00C0A083 /* UserTests.swift */; };
		F28712B42832996A00C0A083 /* User.swift in Sources */ = {isa = PBXBuildFile; fileRef = F28712B32832996A00C0A083 /* User.swift */; };
		F2E751CA28329E39002F3CD0 /* UserStoreTests.swift in Sources */ = {isa = PBXBuildFile; fileRef = F2E751C928329E39002F3CD0 /* UserStoreTests.swift */; };
		F2E751CC28329FD2002F3CD0 /* UserStore.swift in Sources */ = {isa = PBXBuildFile; fileRef = F2E751CB28329FD2002F3CD0 /* UserStore.swift */; };
/* End PBXBuildFile section */

/* Begin PBXContainerItemProxy section */
		F28712AC2832986900C0A083 /* PBXContainerItemProxy */ = {
			isa = PBXContainerItemProxy;
			containerPortal = F28712832832951100C0A083 /* Project object */;
			proxyType = 1;
			remoteGlobalIDString = F287128A2832951100C0A083;
			remoteInfo = AutomatedTestsWorkshop;
		};
/* End PBXContainerItemProxy section */

/* Begin PBXFileReference section */
		F287128B2832951100C0A083 /* AutomatedTestsWorkshop.app */ = {isa = PBXFileReference; explicitFileType = wrapper.application; includeInIndex = 0; path = AutomatedTestsWorkshop.app; sourceTree = BUILT_PRODUCTS_DIR; };
		F287128E2832951100C0A083 /* AppDelegate.swift */ = {isa = PBXFileReference; lastKnownFileType = sourcecode.swift; path = AppDelegate.swift; sourceTree = "<group>"; };
		F28712902832951100C0A083 /* SceneDelegate.swift */ = {isa = PBXFileReference; lastKnownFileType = sourcecode.swift; path = SceneDelegate.swift; sourceTree = "<group>"; };
		F28712922832951100C0A083 /* ViewController.swift */ = {isa = PBXFileReference; lastKnownFileType = sourcecode.swift; path = ViewController.swift; sourceTree = "<group>"; };
		F28712952832951100C0A083 /* Base */ = {isa = PBXFileReference; lastKnownFileType = file.storyboard; name = Base; path = Base.lproj/Main.storyboard; sourceTree = "<group>"; };
		F28712972832951200C0A083 /* Assets.xcassets */ = {isa = PBXFileReference; lastKnownFileType = folder.assetcatalog; path = Assets.xcassets; sourceTree = "<group>"; };
		F287129A2832951200C0A083 /* Base */ = {isa = PBXFileReference; lastKnownFileType = file.storyboard; name = Base; path = Base.lproj/LaunchScreen.storyboard; sourceTree = "<group>"; };
		F287129C2832951200C0A083 /* Info.plist */ = {isa = PBXFileReference; lastKnownFileType = text.plist.xml; path = Info.plist; sourceTree = "<group>"; };
		F28712A2283295C100C0A083 /* README.md */ = {isa = PBXFileReference; fileEncoding = 4; lastKnownFileType = net.daringfireball.markdown; path = README.md; sourceTree = "<group>"; };
		F28712A82832986900C0A083 /* AutomatedTestsWorkshopTests.xctest */ = {isa = PBXFileReference; explicitFileType = wrapper.cfbundle; includeInIndex = 0; path = AutomatedTestsWorkshopTests.xctest; sourceTree = BUILT_PRODUCTS_DIR; };
		F28712B1283298DB00C0A083 /* UserTests.swift */ = {isa = PBXFileReference; lastKnownFileType = sourcecode.swift; path = UserTests.swift; sourceTree = "<group>"; };
		F28712B32832996A00C0A083 /* User.swift */ = {isa = PBXFileReference; lastKnownFileType = sourcecode.swift; path = User.swift; sourceTree = "<group>"; };
		F2E751C928329E39002F3CD0 /* UserStoreTests.swift */ = {isa = PBXFileReference; lastKnownFileType = sourcecode.swift; path = UserStoreTests.swift; sourceTree = "<group>"; };
		F2E751CB28329FD2002F3CD0 /* UserStore.swift */ = {isa = PBXFileReference; lastKnownFileType = sourcecode.swift; path = UserStore.swift; sourceTree = "<group>"; };
/* End PBXFileReference section */

/* Begin PBXFrameworksBuildPhase section */
		F28712882832951100C0A083 /* Frameworks */ = {
			isa = PBXFrameworksBuildPhase;
			buildActionMask = 2147483647;
			files = (
			);
			runOnlyForDeploymentPostprocessing = 0;
		};
		F28712A52832986900C0A083 /* Frameworks */ = {
			isa = PBXFrameworksBuildPhase;
			buildActionMask = 2147483647;
			files = (
			);
			runOnlyForDeploymentPostprocessing = 0;
		};
/* End PBXFrameworksBuildPhase section */

/* Begin PBXGroup section */
		F28712822832951100C0A083 = {
			isa = PBXGroup;
			children = (
				F28712A2283295C100C0A083 /* README.md */,
				F287128D2832951100C0A083 /* AutomatedTestsWorkshop */,
				F28712A92832986900C0A083 /* AutomatedTestsWorkshopTests */,
				F287128C2832951100C0A083 /* Products */,
			);
			sourceTree = "<group>";
		};
		F287128C2832951100C0A083 /* Products */ = {
			isa = PBXGroup;
			children = (
				F287128B2832951100C0A083 /* AutomatedTestsWorkshop.app */,
				F28712A82832986900C0A083 /* AutomatedTestsWorkshopTests.xctest */,
			);
			name = Products;
			sourceTree = "<group>";
		};
		F287128D2832951100C0A083 /* AutomatedTestsWorkshop */ = {
			isa = PBXGroup;
			children = (
				F287128E2832951100C0A083 /* AppDelegate.swift */,
				F28712902832951100C0A083 /* SceneDelegate.swift */,
				F28712922832951100C0A083 /* ViewController.swift */,
				F28712B32832996A00C0A083 /* User.swift */,
				F2E751CB28329FD2002F3CD0 /* UserStore.swift */,
				F28712942832951100C0A083 /* Main.storyboard */,
				F28712972832951200C0A083 /* Assets.xcassets */,
				F28712992832951200C0A083 /* LaunchScreen.storyboard */,
				F287129C2832951200C0A083 /* Info.plist */,
			);
			path = AutomatedTestsWorkshop;
			sourceTree = "<group>";
		};
		F28712A92832986900C0A083 /* AutomatedTestsWorkshopTests */ = {
			isa = PBXGroup;
			children = (
				F28712B1283298DB00C0A083 /* UserTests.swift */,
				F2E751C928329E39002F3CD0 /* UserStoreTests.swift */,
			);
			path = AutomatedTestsWorkshopTests;
			sourceTree = "<group>";
		};
/* End PBXGroup section */

/* Begin PBXNativeTarget section */
		F287128A2832951100C0A083 /* AutomatedTestsWorkshop */ = {
			isa = PBXNativeTarget;
			buildConfigurationList = F287129F2832951200C0A083 /* Build configuration list for PBXNativeTarget "AutomatedTestsWorkshop" */;
			buildPhases = (
				F28712872832951100C0A083 /* Sources */,
				F28712882832951100C0A083 /* Frameworks */,
				F28712892832951100C0A083 /* Resources */,
			);
			buildRules = (
			);
			dependencies = (
			);
			name = AutomatedTestsWorkshop;
			productName = AutomatedTestsWorkshop;
			productReference = F287128B2832951100C0A083 /* AutomatedTestsWorkshop.app */;
			productType = "com.apple.product-type.application";
		};
		F28712A72832986900C0A083 /* AutomatedTestsWorkshopTests */ = {
			isa = PBXNativeTarget;
			buildConfigurationList = F28712AE2832986900C0A083 /* Build configuration list for PBXNativeTarget "AutomatedTestsWorkshopTests" */;
			buildPhases = (
				F28712A42832986900C0A083 /* Sources */,
				F28712A52832986900C0A083 /* Frameworks */,
				F28712A62832986900C0A083 /* Resources */,
			);
			buildRules = (
			);
			dependencies = (
				F28712AD2832986900C0A083 /* PBXTargetDependency */,
			);
			name = AutomatedTestsWorkshopTests;
			productName = AutomatedTestsWorkshopTests;
			productReference = F28712A82832986900C0A083 /* AutomatedTestsWorkshopTests.xctest */;
			productType = "com.apple.product-type.bundle.unit-test";
		};
/* End PBXNativeTarget section */

/* Begin PBXProject section */
		F28712832832951100C0A083 /* Project object */ = {
			isa = PBXProject;
			attributes = {
				BuildIndependentTargetsInParallel = 1;
				LastSwiftUpdateCheck = 1330;
				LastUpgradeCheck = 1330;
				TargetAttributes = {
					F287128A2832951100C0A083 = {
						CreatedOnToolsVersion = 13.3;
					};
					F28712A72832986900C0A083 = {
						CreatedOnToolsVersion = 13.3;
						TestTargetID = F287128A2832951100C0A083;
					};
				};
			};
			buildConfigurationList = F28712862832951100C0A083 /* Build configuration list for PBXProject "AutomatedTestsWorkshop" */;
			compatibilityVersion = "Xcode 13.0";
			developmentRegion = en;
			hasScannedForEncodings = 0;
			knownRegions = (
				en,
				Base,
			);
			mainGroup = F28712822832951100C0A083;
			productRefGroup = F287128C2832951100C0A083 /* Products */;
			projectDirPath = "";
			projectRoot = "";
			targets = (
				F287128A2832951100C0A083 /* AutomatedTestsWorkshop */,
				F28712A72832986900C0A083 /* AutomatedTestsWorkshopTests */,
			);
		};
/* End PBXProject section */

/* Begin PBXResourcesBuildPhase section */
		F28712892832951100C0A083 /* Resources */ = {
			isa = PBXResourcesBuildPhase;
			buildActionMask = 2147483647;
			files = (
				F287129B2832951200C0A083 /* LaunchScreen.storyboard in Resources */,
				F28712982832951200C0A083 /* Assets.xcassets in Resources */,
				F28712A3283295C100C0A083 /* README.md in Resources */,
				F28712962832951100C0A083 /* Main.storyboard in Resources */,
			);
			runOnlyForDeploymentPostprocessing = 0;
		};
		F28712A62832986900C0A083 /* Resources */ = {
			isa = PBXResourcesBuildPhase;
			buildActionMask = 2147483647;
			files = (
			);
			runOnlyForDeploymentPostprocessing = 0;
		};
/* End PBXResourcesBuildPhase section */

/* Begin PBXSourcesBuildPhase section */
		F28712872832951100C0A083 /* Sources */ = {
			isa = PBXSourcesBuildPhase;
			buildActionMask = 2147483647;
			files = (
				F28712B42832996A00C0A083 /* User.swift in Sources */,
				F2E751CC28329FD2002F3CD0 /* UserStore.swift in Sources */,
				F28712932832951100C0A083 /* ViewController.swift in Sources */,
				F287128F2832951100C0A083 /* AppDelegate.swift in Sources */,
				F28712912832951100C0A083 /* SceneDelegate.swift in Sources */,
			);
			runOnlyForDeploymentPostprocessing = 0;
		};
		F28712A42832986900C0A083 /* Sources */ = {
			isa = PBXSourcesBuildPhase;
			buildActionMask = 2147483647;
			files = (
				F2E751CA28329E39002F3CD0 /* UserStoreTests.swift in Sources */,
				F28712B2283298DB00C0A083 /* UserTests.swift in Sources */,
			);
			runOnlyForDeploymentPostprocessing = 0;
		};
/* End PBXSourcesBuildPhase section */

/* Begin PBXTargetDependency section */
		F28712AD2832986900C0A083 /* PBXTargetDependency */ = {
			isa = PBXTargetDependency;
			target = F287128A2832951100C0A083 /* AutomatedTestsWorkshop */;
			targetProxy = F28712AC2832986900C0A083 /* PBXContainerItemProxy */;
		};
/* End PBXTargetDependency section */

/* Begin PBXVariantGroup section */
		F28712942832951100C0A083 /* Main.storyboard */ = {
			isa = PBXVariantGroup;
			children = (
				F28712952832951100C0A083 /* Base */,
			);
			name = Main.storyboard;
			sourceTree = "<group>";
		};
		F28712992832951200C0A083 /* LaunchScreen.storyboard */ = {
			isa = PBXVariantGroup;
			children = (
				F287129A2832951200C0A083 /* Base */,
			);
			name = LaunchScreen.storyboard;
			sourceTree = "<group>";
		};
/* End PBXVariantGroup section */

/* Begin XCBuildConfiguration section */
		F287129D2832951200C0A083 /* Debug */ = {
			isa = XCBuildConfiguration;
			buildSettings = {
				ALWAYS_SEARCH_USER_PATHS = NO;
				CLANG_ANALYZER_NONNULL = YES;
				CLANG_ANALYZER_NUMBER_OBJECT_CONVERSION = YES_AGGRESSIVE;
				CLANG_CXX_LANGUAGE_STANDARD = "gnu++17";
				CLANG_ENABLE_MODULES = YES;
				CLANG_ENABLE_OBJC_ARC = YES;
				CLANG_ENABLE_OBJC_WEAK = YES;
				CLANG_WARN_BLOCK_CAPTURE_AUTORELEASING = YES;
				CLANG_WARN_BOOL_CONVERSION = YES;
				CLANG_WARN_COMMA = YES;
				CLANG_WARN_CONSTANT_CONVERSION = YES;
				CLANG_WARN_DEPRECATED_OBJC_IMPLEMENTATIONS = YES;
				CLANG_WARN_DIRECT_OBJC_ISA_USAGE = YES_ERROR;
				CLANG_WARN_DOCUMENTATION_COMMENTS = YES;
				CLANG_WARN_EMPTY_BODY = YES;
				CLANG_WARN_ENUM_CONVERSION = YES;
				CLANG_WARN_INFINITE_RECURSION = YES;
				CLANG_WARN_INT_CONVERSION = YES;
				CLANG_WARN_NON_LITERAL_NULL_CONVERSION = YES;
				CLANG_WARN_OBJC_IMPLICIT_RETAIN_SELF = YES;
				CLANG_WARN_OBJC_LITERAL_CONVERSION = YES;
				CLANG_WARN_OBJC_ROOT_CLASS = YES_ERROR;
				CLANG_WARN_QUOTED_INCLUDE_IN_FRAMEWORK_HEADER = YES;
				CLANG_WARN_RANGE_LOOP_ANALYSIS = YES;
				CLANG_WARN_STRICT_PROTOTYPES = YES;
				CLANG_WARN_SUSPICIOUS_MOVE = YES;
				CLANG_WARN_UNGUARDED_AVAILABILITY = YES_AGGRESSIVE;
				CLANG_WARN_UNREACHABLE_CODE = YES;
				CLANG_WARN__DUPLICATE_METHOD_MATCH = YES;
				COPY_PHASE_STRIP = NO;
				DEBUG_INFORMATION_FORMAT = dwarf;
				ENABLE_STRICT_OBJC_MSGSEND = YES;
				ENABLE_TESTABILITY = YES;
				GCC_C_LANGUAGE_STANDARD = gnu11;
				GCC_DYNAMIC_NO_PIC = NO;
				GCC_NO_COMMON_BLOCKS = YES;
				GCC_OPTIMIZATION_LEVEL = 0;
				GCC_PREPROCESSOR_DEFINITIONS = (
					"DEBUG=1",
					"$(inherited)",
				);
				GCC_WARN_64_TO_32_BIT_CONVERSION = YES;
				GCC_WARN_ABOUT_RETURN_TYPE = YES_ERROR;
				GCC_WARN_UNDECLARED_SELECTOR = YES;
				GCC_WARN_UNINITIALIZED_AUTOS = YES_AGGRESSIVE;
				GCC_WARN_UNUSED_FUNCTION = YES;
				GCC_WARN_UNUSED_VARIABLE = YES;
				IPHONEOS_DEPLOYMENT_TARGET = 15.4;
				MTL_ENABLE_DEBUG_INFO = INCLUDE_SOURCE;
				MTL_FAST_MATH = YES;
				ONLY_ACTIVE_ARCH = YES;
				SDKROOT = iphoneos;
				SWIFT_ACTIVE_COMPILATION_CONDITIONS = DEBUG;
				SWIFT_OPTIMIZATION_LEVEL = "-Onone";
			};
			name = Debug;
		};
		F287129E2832951200C0A083 /* Release */ = {
			isa = XCBuildConfiguration;
			buildSettings = {
				ALWAYS_SEARCH_USER_PATHS = NO;
				CLANG_ANALYZER_NONNULL = YES;
				CLANG_ANALYZER_NUMBER_OBJECT_CONVERSION = YES_AGGRESSIVE;
				CLANG_CXX_LANGUAGE_STANDARD = "gnu++17";
				CLANG_ENABLE_MODULES = YES;
				CLANG_ENABLE_OBJC_ARC = YES;
				CLANG_ENABLE_OBJC_WEAK = YES;
				CLANG_WARN_BLOCK_CAPTURE_AUTORELEASING = YES;
				CLANG_WARN_BOOL_CONVERSION = YES;
				CLANG_WARN_COMMA = YES;
				CLANG_WARN_CONSTANT_CONVERSION = YES;
				CLANG_WARN_DEPRECATED_OBJC_IMPLEMENTATIONS = YES;
				CLANG_WARN_DIRECT_OBJC_ISA_USAGE = YES_ERROR;
				CLANG_WARN_DOCUMENTATION_COMMENTS = YES;
				CLANG_WARN_EMPTY_BODY = YES;
				CLANG_WARN_ENUM_CONVERSION = YES;
				CLANG_WARN_INFINITE_RECURSION = YES;
				CLANG_WARN_INT_CONVERSION = YES;
				CLANG_WARN_NON_LITERAL_NULL_CONVERSION = YES;
				CLANG_WARN_OBJC_IMPLICIT_RETAIN_SELF = YES;
				CLANG_WARN_OBJC_LITERAL_CONVERSION = YES;
				CLANG_WARN_OBJC_ROOT_CLASS = YES_ERROR;
				CLANG_WARN_QUOTED_INCLUDE_IN_FRAMEWORK_HEADER = YES;
				CLANG_WARN_RANGE_LOOP_ANALYSIS = YES;
				CLANG_WARN_STRICT_PROTOTYPES = YES;
				CLANG_WARN_SUSPICIOUS_MOVE = YES;
				CLANG_WARN_UNGUARDED_AVAILABILITY = YES_AGGRESSIVE;
				CLANG_WARN_UNREACHABLE_CODE = YES;
				CLANG_WARN__DUPLICATE_METHOD_MATCH = YES;
				COPY_PHASE_STRIP = NO;
				DEBUG_INFORMATION_FORMAT = "dwarf-with-dsym";
				ENABLE_NS_ASSERTIONS = NO;
				ENABLE_STRICT_OBJC_MSGSEND = YES;
				GCC_C_LANGUAGE_STANDARD = gnu11;
				GCC_NO_COMMON_BLOCKS = YES;
				GCC_WARN_64_TO_32_BIT_CONVERSION = YES;
				GCC_WARN_ABOUT_RETURN_TYPE = YES_ERROR;
				GCC_WARN_UNDECLARED_SELECTOR = YES;
				GCC_WARN_UNINITIALIZED_AUTOS = YES_AGGRESSIVE;
				GCC_WARN_UNUSED_FUNCTION = YES;
				GCC_WARN_UNUSED_VARIABLE = YES;
				IPHONEOS_DEPLOYMENT_TARGET = 15.4;
				MTL_ENABLE_DEBUG_INFO = NO;
				MTL_FAST_MATH = YES;
				SDKROOT = iphoneos;
				SWIFT_COMPILATION_MODE = wholemodule;
				SWIFT_OPTIMIZATION_LEVEL = "-O";
				VALIDATE_PRODUCT = YES;
			};
			name = Release;
		};
		F28712A02832951200C0A083 /* Debug */ = {
			isa = XCBuildConfiguration;
			buildSettings = {
				ASSETCATALOG_COMPILER_APPICON_NAME = AppIcon;
				ASSETCATALOG_COMPILER_GLOBAL_ACCENT_COLOR_NAME = AccentColor;
				CODE_SIGN_STYLE = Automatic;
				CURRENT_PROJECT_VERSION = 1;
				DEVELOPMENT_TEAM = Q6PD97MRX4;
				GENERATE_INFOPLIST_FILE = YES;
				INFOPLIST_FILE = AutomatedTestsWorkshop/Info.plist;
				INFOPLIST_KEY_UIApplicationSupportsIndirectInputEvents = YES;
				INFOPLIST_KEY_UILaunchStoryboardName = LaunchScreen;
				INFOPLIST_KEY_UIMainStoryboardFile = Main;
				INFOPLIST_KEY_UISupportedInterfaceOrientations_iPad = "UIInterfaceOrientationPortrait UIInterfaceOrientationPortraitUpsideDown UIInterfaceOrientationLandscapeLeft UIInterfaceOrientationLandscapeRight";
				INFOPLIST_KEY_UISupportedInterfaceOrientations_iPhone = "UIInterfaceOrientationPortrait UIInterfaceOrientationLandscapeLeft UIInterfaceOrientationLandscapeRight";
				LD_RUNPATH_SEARCH_PATHS = (
					"$(inherited)",
					"@executable_path/Frameworks",
				);
				MARKETING_VERSION = 1.0;
				PRODUCT_BUNDLE_IDENTIFIER = de.dasdom.AutomatedTestsWorkshop;
				PRODUCT_NAME = "$(TARGET_NAME)";
				SWIFT_EMIT_LOC_STRINGS = YES;
				SWIFT_VERSION = 5.0;
				TARGETED_DEVICE_FAMILY = "1,2";
			};
			name = Debug;
		};
		F28712A12832951200C0A083 /* Release */ = {
			isa = XCBuildConfiguration;
			buildSettings = {
				ASSETCATALOG_COMPILER_APPICON_NAME = AppIcon;
				ASSETCATALOG_COMPILER_GLOBAL_ACCENT_COLOR_NAME = AccentColor;
				CODE_SIGN_STYLE = Automatic;
				CURRENT_PROJECT_VERSION = 1;
				DEVELOPMENT_TEAM = Q6PD97MRX4;
				GENERATE_INFOPLIST_FILE = YES;
				INFOPLIST_FILE = AutomatedTestsWorkshop/Info.plist;
				INFOPLIST_KEY_UIApplicationSupportsIndirectInputEvents = YES;
				INFOPLIST_KEY_UILaunchStoryboardName = LaunchScreen;
				INFOPLIST_KEY_UIMainStoryboardFile = Main;
				INFOPLIST_KEY_UISupportedInterfaceOrientations_iPad = "UIInterfaceOrientationPortrait UIInterfaceOrientationPortraitUpsideDown UIInterfaceOrientationLandscapeLeft UIInterfaceOrientationLandscapeRight";
				INFOPLIST_KEY_UISupportedInterfaceOrientations_iPhone = "UIInterfaceOrientationPortrait UIInterfaceOrientationLandscapeLeft UIInterfaceOrientationLandscapeRight";
				LD_RUNPATH_SEARCH_PATHS = (
					"$(inherited)",
					"@executable_path/Frameworks",
				);
				MARKETING_VERSION = 1.0;
				PRODUCT_BUNDLE_IDENTIFIER = de.dasdom.AutomatedTestsWorkshop;
				PRODUCT_NAME = "$(TARGET_NAME)";
				SWIFT_EMIT_LOC_STRINGS = YES;
				SWIFT_VERSION = 5.0;
				TARGETED_DEVICE_FAMILY = "1,2";
			};
			name = Release;
		};
		F28712AF2832986900C0A083 /* Debug */ = {
			isa = XCBuildConfiguration;
			buildSettings = {
				BUNDLE_LOADER = "$(TEST_HOST)";
				CODE_SIGN_STYLE = Automatic;
				CURRENT_PROJECT_VERSION = 1;
				DEVELOPMENT_TEAM = Q6PD97MRX4;
				GENERATE_INFOPLIST_FILE = YES;
				MARKETING_VERSION = 1.0;
				PRODUCT_BUNDLE_IDENTIFIER = de.dasdom.AutomatedTestsWorkshopTests;
				PRODUCT_NAME = "$(TARGET_NAME)";
				SWIFT_EMIT_LOC_STRINGS = NO;
				SWIFT_VERSION = 5.0;
				TARGETED_DEVICE_FAMILY = "1,2";
				TEST_HOST = "$(BUILT_PRODUCTS_DIR)/AutomatedTestsWorkshop.app/AutomatedTestsWorkshop";
			};
			name = Debug;
		};
		F28712B02832986900C0A083 /* Release */ = {
			isa = XCBuildConfiguration;
			buildSettings = {
				BUNDLE_LOADER = "$(TEST_HOST)";
				CODE_SIGN_STYLE = Automatic;
				CURRENT_PROJECT_VERSION = 1;
				DEVELOPMENT_TEAM = Q6PD97MRX4;
				GENERATE_INFOPLIST_FILE = YES;
				MARKETING_VERSION = 1.0;
				PRODUCT_BUNDLE_IDENTIFIER = de.dasdom.AutomatedTestsWorkshopTests;
				PRODUCT_NAME = "$(TARGET_NAME)";
				SWIFT_EMIT_LOC_STRINGS = NO;
				SWIFT_VERSION = 5.0;
				TARGETED_DEVICE_FAMILY = "1,2";
				TEST_HOST = "$(BUILT_PRODUCTS_DIR)/AutomatedTestsWorkshop.app/AutomatedTestsWorkshop";
			};
			name = Release;
		};
/* End XCBuildConfiguration section */

/* Begin XCConfigurationList section */
		F28712862832951100C0A083 /* Build configuration list for PBXProject "AutomatedTestsWorkshop" */ = {
			isa = XCConfigurationList;
			buildConfigurations = (
				F287129D2832951200C0A083 /* Debug */,
				F287129E2832951200C0A083 /* Release */,
			);
			defaultConfigurationIsVisible = 0;
			defaultConfigurationName = Release;
		};
		F287129F2832951200C0A083 /* Build configuration list for PBXNativeTarget "AutomatedTestsWorkshop" */ = {
			isa = XCConfigurationList;
			buildConfigurations = (
				F28712A02832951200C0A083 /* Debug */,
				F28712A12832951200C0A083 /* Release */,
			);
			defaultConfigurationIsVisible = 0;
			defaultConfigurationName = Release;
		};
		F28712AE2832986900C0A083 /* Build configuration list for PBXNativeTarget "AutomatedTestsWorkshopTests" */ = {
			isa = XCConfigurationList;
			buildConfigurations = (
				F28712AF2832986900C0A083 /* Debug */,
				F28712B02832986900C0A083 /* Release */,
			);
			defaultConfigurationIsVisible = 0;
			defaultConfigurationName = Release;
		};
/* End XCConfigurationList section */
	};
	rootObject = F28712832832951100C0A083 /* Project object */;
}
